PODS:
  - Alamofire (4.9.0)
  - Siesta (1.4.3):
    - Siesta/Core (= 1.4.3)
  - Siesta/Alamofire (1.4.3):
    - Alamofire (> 4.1)
    - Siesta/Core
  - Siesta/Core (1.4.3)
  - Siesta/UI (1.4.3):
    - Siesta/Core

DEPENDENCIES:
  - Siesta (~> 1.0)
  - Siesta/Alamofire (~> 1.0)
  - Siesta/UI (~> 1.0)

SPEC REPOS:
  https://github.com/cocoapods/specs.git:
    - Alamofire
    - Siesta

SPEC CHECKSUMS:
  Alamofire: afc3e7c6db61476cb45cdd23fed06bad03bbc321
  Siesta: 83795fdf6a43232d1d2909e1a3dfb92ab5916d26

PODFILE CHECKSUM: cc309434907004c1c604526813f4572470b699c4

COCOAPODS: 1.5.3
