// !$*UTF8*$!
{
	archiveVersion = 1;
	classes = {
	};
	objectVersion = 46;
	objects = {

/* Begin PBXBuildFile section */
		44DE82B41BCDF45900A319D2 /* AppDelegate.swift in Sources */ = {isa = PBXBuildFile; fileRef = 44DE82B31BCDF45900A319D2 /* AppDelegate.swift */; };
		44DE82B91BCDF45900A319D2 /* Main.storyboard in Resources */ = {isa = PBXBuildFile; fileRef = 44DE82B71BCDF45900A319D2 /* Main.storyboard */; };
		44DE82BB1BCDF45900A319D2 /* Assets.xcassets in Resources */ = {isa = PBXBuildFile; fileRef = 44DE82BA1BCDF45900A319D2 /* Assets.xcassets */; };
		44DE82BE1BCDF45900A319D2 /* LaunchScreen.storyboard in Resources */ = {isa = PBXBuildFile; fileRef = 44DE82BC1BCDF45900A319D2 /* LaunchScreen.storyboard */; };
		44DE82C91BCDF45900A319D2 /* UmbrellaTests.swift in Sources */ = {isa = PBXBuildFile; fileRef = 44DE82C81BCDF45900A319D2 /* UmbrellaTests.swift */; };
		44DE82D71BCDF4BA00A319D2 /* SettingsViewController.swift in Sources */ = {isa = PBXBuildFile; fileRef = 44DE82D61BCDF4BA00A319D2 /* SettingsViewController.swift */; };
		44DE82D91BCDF4C500A319D2 /* MainViewController.swift in Sources */ = {isa = PBXBuildFile; fileRef = 44DE82D81BCDF4C500A319D2 /* MainViewController.swift */; };
		44DE82DD1BCDF7C800A319D2 /* UIColor+Nerdery.swift in Sources */ = {isa = PBXBuildFile; fileRef = 44DE82DC1BCDF7C800A319D2 /* UIColor+Nerdery.swift */; };
		44DE82DF1BCDF8EE00A319D2 /* WeatherRequest.swift in Sources */ = {isa = PBXBuildFile; fileRef = 44DE82DE1BCDF8EE00A319D2 /* WeatherRequest.swift */; };
		44DE82E11BCDFBBB00A319D2 /* String+Umbrella.swift in Sources */ = {isa = PBXBuildFile; fileRef = 44DE82E01BCDFBBB00A319D2 /* String+Umbrella.swift */; };
		5648037BB82D3BB305207DC5 /* Pods_Umbrella.framework in Frameworks */ = {isa = PBXBuildFile; fileRef = EEFF8AE792572ACE7672B6BD /* Pods_Umbrella.framework */; };
		B2D1F83E9843214CCA3E2675 /* Pods_UmbrellaTests.framework in Frameworks */ = {isa = PBXBuildFile; fileRef = 36CFD896FA0923BBBF1B0882 /* Pods_UmbrellaTests.framework */; };
		D70B9E0123365D7900489982 /* UmbrellaImageView.swift in Sources */ = {isa = PBXBuildFile; fileRef = D70B9E0023365D7900489982 /* UmbrellaImageView.swift */; };
		D70B9E032336636200489982 /* UIImage+Umbrella.swift in Sources */ = {isa = PBXBuildFile; fileRef = D70B9E022336636200489982 /* UIImage+Umbrella.swift */; };
		D74FF08C21225F0A0075F70B /* WeatherRequestLocation.swift in Sources */ = {isa = PBXBuildFile; fileRef = D74FF08B21225F0A0075F70B /* WeatherRequestLocation.swift */; };
		D74FF08E212266A70075F70B /* WeatherRequestUnits.swift in Sources */ = {isa = PBXBuildFile; fileRef = D74FF08D212266A70075F70B /* WeatherRequestUnits.swift */; };
		D78D52B523304F310022FDE5 /* DarkSkyApi.swift in Sources */ = {isa = PBXBuildFile; fileRef = D78D52B423304F310022FDE5 /* DarkSkyApi.swift */; };
		D78D52B9233053320022FDE5 /* DarkSkyResponse.swift in Sources */ = {isa = PBXBuildFile; fileRef = D78D52B8233053320022FDE5 /* DarkSkyResponse.swift */; };
		D78D52BD2331A7E80022FDE5 /* Preferences.swift in Sources */ = {isa = PBXBuildFile; fileRef = D78D52BC2331A7E80022FDE5 /* Preferences.swift */; };
		D78D52BF23331A260022FDE5 /* Location.swift in Sources */ = {isa = PBXBuildFile; fileRef = D78D52BE23331A260022FDE5 /* Location.swift */; };
		D78D52C22334537A0022FDE5 /* DailyGroupCollectionReusableView.swift in Sources */ = {isa = PBXBuildFile; fileRef = D78D52C12334537A0022FDE5 /* DailyGroupCollectionReusableView.swift */; };
		D78D52C42334567F0022FDE5 /* WeatherCollectionViewCell.swift in Sources */ = {isa = PBXBuildFile; fileRef = D78D52C32334567F0022FDE5 /* WeatherCollectionViewCell.swift */; };
		D78D52C6233587430022FDE5 /* Date+Umbrella.swift in Sources */ = {isa = PBXBuildFile; fileRef = D78D52C5233587430022FDE5 /* Date+Umbrella.swift */; };
/* End PBXBuildFile section */

/* Begin PBXContainerItemProxy section */
		44DE82C51BCDF45900A319D2 /* PBXContainerItemProxy */ = {
			isa = PBXContainerItemProxy;
			containerPortal = 44DE82A81BCDF45900A319D2 /* Project object */;
			proxyType = 1;
			remoteGlobalIDString = 44DE82AF1BCDF45900A319D2;
			remoteInfo = Umbrella;
		};
/* End PBXContainerItemProxy section */

/* Begin PBXFileReference section */
		36CFD896FA0923BBBF1B0882 /* Pods_UmbrellaTests.framework */ = {isa = PBXFileReference; explicitFileType = wrapper.framework; includeInIndex = 0; path = Pods_UmbrellaTests.framework; sourceTree = BUILT_PRODUCTS_DIR; };
		44DE82B01BCDF45900A319D2 /* Umbrella.app */ = {isa = PBXFileReference; explicitFileType = wrapper.application; includeInIndex = 0; path = Umbrella.app; sourceTree = BUILT_PRODUCTS_DIR; };
		44DE82B31BCDF45900A319D2 /* AppDelegate.swift */ = {isa = PBXFileReference; lastKnownFileType = sourcecode.swift; path = AppDelegate.swift; sourceTree = "<group>"; };
		44DE82B81BCDF45900A319D2 /* Base */ = {isa = PBXFileReference; lastKnownFileType = file.storyboard; name = Base; path = Base.lproj/Main.storyboard; sourceTree = "<group>"; };
		44DE82BA1BCDF45900A319D2 /* Assets.xcassets */ = {isa = PBXFileReference; lastKnownFileType = folder.assetcatalog; path = Assets.xcassets; sourceTree = "<group>"; };
		44DE82BD1BCDF45900A319D2 /* Base */ = {isa = PBXFileReference; lastKnownFileType = file.storyboard; name = Base; path = Base.lproj/LaunchScreen.storyboard; sourceTree = "<group>"; };
		44DE82BF1BCDF45900A319D2 /* Info.plist */ = {isa = PBXFileReference; lastKnownFileType = text.plist.xml; path = Info.plist; sourceTree = "<group>"; };
		44DE82C41BCDF45900A319D2 /* UmbrellaTests.xctest */ = {isa = PBXFileReference; explicitFileType = wrapper.cfbundle; includeInIndex = 0; path = UmbrellaTests.xctest; sourceTree = BUILT_PRODUCTS_DIR; };
		44DE82C81BCDF45900A319D2 /* UmbrellaTests.swift */ = {isa = PBXFileReference; lastKnownFileType = sourcecode.swift; path = UmbrellaTests.swift; sourceTree = "<group>"; };
		44DE82CA1BCDF45900A319D2 /* Info.plist */ = {isa = PBXFileReference; lastKnownFileType = text.plist.xml; path = Info.plist; sourceTree = "<group>"; };
		44DE82D61BCDF4BA00A319D2 /* SettingsViewController.swift */ = {isa = PBXFileReference; fileEncoding = 4; lastKnownFileType = sourcecode.swift; path = SettingsViewController.swift; sourceTree = "<group>"; };
		44DE82D81BCDF4C500A319D2 /* MainViewController.swift */ = {isa = PBXFileReference; fileEncoding = 4; lastKnownFileType = sourcecode.swift; path = MainViewController.swift; sourceTree = "<group>"; };
		44DE82DC1BCDF7C800A319D2 /* UIColor+Nerdery.swift */ = {isa = PBXFileReference; fileEncoding = 4; lastKnownFileType = sourcecode.swift; path = "UIColor+Nerdery.swift"; sourceTree = "<group>"; };
		44DE82DE1BCDF8EE00A319D2 /* WeatherRequest.swift */ = {isa = PBXFileReference; fileEncoding = 4; lastKnownFileType = sourcecode.swift; path = WeatherRequest.swift; sourceTree = "<group>"; };
		44DE82E01BCDFBBB00A319D2 /* String+Umbrella.swift */ = {isa = PBXFileReference; fileEncoding = 4; lastKnownFileType = sourcecode.swift; path = "String+Umbrella.swift"; sourceTree = "<group>"; };
		4C31C3D4230582DF1DC0F28D /* Pods-UmbrellaTests.release.xcconfig */ = {isa = PBXFileReference; includeInIndex = 1; lastKnownFileType = text.xcconfig; name = "Pods-UmbrellaTests.release.xcconfig"; path = "Pods/Target Support Files/Pods-UmbrellaTests/Pods-UmbrellaTests.release.xcconfig"; sourceTree = "<group>"; };
		95EAF548BC971FA77D486C1C /* Pods-UmbrellaTests.debug.xcconfig */ = {isa = PBXFileReference; includeInIndex = 1; lastKnownFileType = text.xcconfig; name = "Pods-UmbrellaTests.debug.xcconfig"; path = "Pods/Target Support Files/Pods-UmbrellaTests/Pods-UmbrellaTests.debug.xcconfig"; sourceTree = "<group>"; };
		C2376475E9EA396177893754 /* Pods-Umbrella.release.xcconfig */ = {isa = PBXFileReference; includeInIndex = 1; lastKnownFileType = text.xcconfig; name = "Pods-Umbrella.release.xcconfig"; path = "Pods/Target Support Files/Pods-Umbrella/Pods-Umbrella.release.xcconfig"; sourceTree = "<group>"; };
		CA0B6EB46331C31A35653066 /* Pods-Umbrella.debug.xcconfig */ = {isa = PBXFileReference; includeInIndex = 1; lastKnownFileType = text.xcconfig; name = "Pods-Umbrella.debug.xcconfig"; path = "Pods/Target Support Files/Pods-Umbrella/Pods-Umbrella.debug.xcconfig"; sourceTree = "<group>"; };
		D70B9E0023365D7900489982 /* UmbrellaImageView.swift */ = {isa = PBXFileReference; lastKnownFileType = sourcecode.swift; path = UmbrellaImageView.swift; sourceTree = "<group>"; };
		D70B9E022336636200489982 /* UIImage+Umbrella.swift */ = {isa = PBXFileReference; lastKnownFileType = sourcecode.swift; path = "UIImage+Umbrella.swift"; sourceTree = "<group>"; };
		D74FF08B21225F0A0075F70B /* WeatherRequestLocation.swift */ = {isa = PBXFileReference; lastKnownFileType = sourcecode.swift; path = WeatherRequestLocation.swift; sourceTree = "<group>"; };
		D74FF08D212266A70075F70B /* WeatherRequestUnits.swift */ = {isa = PBXFileReference; lastKnownFileType = sourcecode.swift; path = WeatherRequestUnits.swift; sourceTree = "<group>"; };
		D78D52B423304F310022FDE5 /* DarkSkyApi.swift */ = {isa = PBXFileReference; lastKnownFileType = sourcecode.swift; path = DarkSkyApi.swift; sourceTree = "<group>"; };
		D78D52B8233053320022FDE5 /* DarkSkyResponse.swift */ = {isa = PBXFileReference; lastKnownFileType = sourcecode.swift; path = DarkSkyResponse.swift; sourceTree = "<group>"; };
		D78D52BC2331A7E80022FDE5 /* Preferences.swift */ = {isa = PBXFileReference; lastKnownFileType = sourcecode.swift; path = Preferences.swift; sourceTree = "<group>"; };
		D78D52BE23331A260022FDE5 /* Location.swift */ = {isa = PBXFileReference; lastKnownFileType = sourcecode.swift; path = Location.swift; sourceTree = "<group>"; };
		D78D52C12334537A0022FDE5 /* DailyGroupCollectionReusableView.swift */ = {isa = PBXFileReference; lastKnownFileType = sourcecode.swift; path = DailyGroupCollectionReusableView.swift; sourceTree = "<group>"; };
		D78D52C32334567F0022FDE5 /* WeatherCollectionViewCell.swift */ = {isa = PBXFileReference; lastKnownFileType = sourcecode.swift; path = WeatherCollectionViewCell.swift; sourceTree = "<group>"; };
		D78D52C5233587430022FDE5 /* Date+Umbrella.swift */ = {isa = PBXFileReference; lastKnownFileType = sourcecode.swift; path = "Date+Umbrella.swift"; sourceTree = "<group>"; };
		EEFF8AE792572ACE7672B6BD /* Pods_Umbrella.framework */ = {isa = PBXFileReference; explicitFileType = wrapper.framework; includeInIndex = 0; path = Pods_Umbrella.framework; sourceTree = BUILT_PRODUCTS_DIR; };
/* End PBXFileReference section */

/* Begin PBXFrameworksBuildPhase section */
		44DE82AD1BCDF45900A319D2 /* Frameworks */ = {
			isa = PBXFrameworksBuildPhase;
			buildActionMask = 2147483647;
			files = (
				5648037BB82D3BB305207DC5 /* Pods_Umbrella.framework in Frameworks */,
			);
			runOnlyForDeploymentPostprocessing = 0;
		};
		44DE82C11BCDF45900A319D2 /* Frameworks */ = {
			isa = PBXFrameworksBuildPhase;
			buildActionMask = 2147483647;
			files = (
				B2D1F83E9843214CCA3E2675 /* Pods_UmbrellaTests.framework in Frameworks */,
			);
			runOnlyForDeploymentPostprocessing = 0;
		};
/* End PBXFrameworksBuildPhase section */

/* Begin PBXGroup section */
		30C3DF1F0BABACB0F70FDC80 /* Frameworks */ = {
			isa = PBXGroup;
			children = (
				EEFF8AE792572ACE7672B6BD /* Pods_Umbrella.framework */,
				36CFD896FA0923BBBF1B0882 /* Pods_UmbrellaTests.framework */,
			);
			name = Frameworks;
			sourceTree = "<group>";
		};
		44DE82A71BCDF45900A319D2 = {
			isa = PBXGroup;
			children = (
				44DE82B21BCDF45900A319D2 /* Umbrella */,
				44DE82C71BCDF45900A319D2 /* UmbrellaTests */,
				44DE82B11BCDF45900A319D2 /* Products */,
				4EFFDD23434D6AAAF0E5D62E /* Pods */,
				30C3DF1F0BABACB0F70FDC80 /* Frameworks */,
			);
			sourceTree = "<group>";
		};
		44DE82B11BCDF45900A319D2 /* Products */ = {
			isa = PBXGroup;
			children = (
				44DE82B01BCDF45900A319D2 /* Umbrella.app */,
				44DE82C41BCDF45900A319D2 /* UmbrellaTests.xctest */,
			);
			name = Products;
			sourceTree = "<group>";
		};
		44DE82B21BCDF45900A319D2 /* Umbrella */ = {
			isa = PBXGroup;
			children = (
				D70B9DFF23365D5100489982 /* UI */,
				D78D52B323304ECA0022FDE5 /* Services */,
				44DE82D51BCDF4A700A319D2 /* Extensions */,
				44DE82D41BCDF49900A319D2 /* Models */,
				44DE82D31BCDF48D00A319D2 /* View Controllers */,
				44DE82B31BCDF45900A319D2 /* AppDelegate.swift */,
				44DE82B71BCDF45900A319D2 /* Main.storyboard */,
				44DE82BA1BCDF45900A319D2 /* Assets.xcassets */,
				44DE82BC1BCDF45900A319D2 /* LaunchScreen.storyboard */,
				44DE82BF1BCDF45900A319D2 /* Info.plist */,
			);
			path = Umbrella;
			sourceTree = "<group>";
		};
		44DE82C71BCDF45900A319D2 /* UmbrellaTests */ = {
			isa = PBXGroup;
			children = (
				44DE82C81BCDF45900A319D2 /* UmbrellaTests.swift */,
				44DE82CA1BCDF45900A319D2 /* Info.plist */,
			);
			path = UmbrellaTests;
			sourceTree = "<group>";
		};
		44DE82D31BCDF48D00A319D2 /* View Controllers */ = {
			isa = PBXGroup;
			children = (
				D78D52C0233452EE0022FDE5 /* Cells */,
				44DE82D81BCDF4C500A319D2 /* MainViewController.swift */,
				44DE82D61BCDF4BA00A319D2 /* SettingsViewController.swift */,
			);
			path = "View Controllers";
			sourceTree = "<group>";
		};
		44DE82D41BCDF49900A319D2 /* Models */ = {
			isa = PBXGroup;
			children = (
				44DE82DE1BCDF8EE00A319D2 /* WeatherRequest.swift */,
				D74FF08B21225F0A0075F70B /* WeatherRequestLocation.swift */,
				D74FF08D212266A70075F70B /* WeatherRequestUnits.swift */,
				D78D52B8233053320022FDE5 /* DarkSkyResponse.swift */,
				D78D52BC2331A7E80022FDE5 /* Preferences.swift */,
				D78D52BE23331A260022FDE5 /* Location.swift */,
			);
			path = Models;
			sourceTree = "<group>";
		};
		44DE82D51BCDF4A700A319D2 /* Extensions */ = {
			isa = PBXGroup;
			children = (
				44DE82DC1BCDF7C800A319D2 /* UIColor+Nerdery.swift */,
				44DE82E01BCDFBBB00A319D2 /* String+Umbrella.swift */,
				D78D52C5233587430022FDE5 /* Date+Umbrella.swift */,
				D70B9E022336636200489982 /* UIImage+Umbrella.swift */,
			);
			path = Extensions;
			sourceTree = "<group>";
		};
		4EFFDD23434D6AAAF0E5D62E /* Pods */ = {
			isa = PBXGroup;
			children = (
				CA0B6EB46331C31A35653066 /* Pods-Umbrella.debug.xcconfig */,
				C2376475E9EA396177893754 /* Pods-Umbrella.release.xcconfig */,
				95EAF548BC971FA77D486C1C /* Pods-UmbrellaTests.debug.xcconfig */,
				4C31C3D4230582DF1DC0F28D /* Pods-UmbrellaTests.release.xcconfig */,
			);
			name = Pods;
			sourceTree = "<group>";
		};
		D70B9DFF23365D5100489982 /* UI */ = {
			isa = PBXGroup;
			children = (
				D70B9E0023365D7900489982 /* UmbrellaImageView.swift */,
			);
			path = UI;
			sourceTree = "<group>";
		};
		D78D52B323304ECA0022FDE5 /* Services */ = {
			isa = PBXGroup;
			children = (
				D78D52B423304F310022FDE5 /* DarkSkyApi.swift */,
			);
			path = Services;
			sourceTree = "<group>";
		};
		D78D52C0233452EE0022FDE5 /* Cells */ = {
			isa = PBXGroup;
			children = (
				D78D52C12334537A0022FDE5 /* DailyGroupCollectionReusableView.swift */,
				D78D52C32334567F0022FDE5 /* WeatherCollectionViewCell.swift */,
			);
			path = Cells;
			sourceTree = "<group>";
		};
/* End PBXGroup section */

/* Begin PBXNativeTarget section */
		44DE82AF1BCDF45900A319D2 /* Umbrella */ = {
			isa = PBXNativeTarget;
			buildConfigurationList = 44DE82CD1BCDF45900A319D2 /* Build configuration list for PBXNativeTarget "Umbrella" */;
			buildPhases = (
				49F71ADF72BD429AAD30E5F5 /* [CP] Check Pods Manifest.lock */,
				44DE82AC1BCDF45900A319D2 /* Sources */,
				44DE82AD1BCDF45900A319D2 /* Frameworks */,
				44DE82AE1BCDF45900A319D2 /* Resources */,
				535578B4ED9389D006E5D81D /* [CP] Embed Pods Frameworks */,
			);
			buildRules = (
			);
			dependencies = (
			);
			name = Umbrella;
			productName = Umbrella;
			productReference = 44DE82B01BCDF45900A319D2 /* Umbrella.app */;
			productType = "com.apple.product-type.application";
		};
		44DE82C31BCDF45900A319D2 /* UmbrellaTests */ = {
			isa = PBXNativeTarget;
			buildConfigurationList = 44DE82D01BCDF45900A319D2 /* Build configuration list for PBXNativeTarget "UmbrellaTests" */;
			buildPhases = (
				F56394C0704C5F791E0D30CF /* [CP] Check Pods Manifest.lock */,
				44DE82C01BCDF45900A319D2 /* Sources */,
				44DE82C11BCDF45900A319D2 /* Frameworks */,
				44DE82C21BCDF45900A319D2 /* Resources */,
			);
			buildRules = (
			);
			dependencies = (
				44DE82C61BCDF45900A319D2 /* PBXTargetDependency */,
			);
			name = UmbrellaTests;
			productName = UmbrellaTests;
			productReference = 44DE82C41BCDF45900A319D2 /* UmbrellaTests.xctest */;
			productType = "com.apple.product-type.bundle.unit-test";
		};
/* End PBXNativeTarget section */

/* Begin PBXProject section */
		44DE82A81BCDF45900A319D2 /* Project object */ = {
			isa = PBXProject;
			attributes = {
				LastUpgradeCheck = 0940;
				ORGANIZATIONNAME = "The Nerdery";
				TargetAttributes = {
					44DE82AF1BCDF45900A319D2 = {
						CreatedOnToolsVersion = 7.0.1;
						DevelopmentTeam = 5KE92YR9WD;
						LastSwiftMigration = 0900;
						ProvisioningStyle = Automatic;
					};
					44DE82C31BCDF45900A319D2 = {
						CreatedOnToolsVersion = 7.0.1;
						LastSwiftMigration = 0900;
						TestTargetID = 44DE82AF1BCDF45900A319D2;
					};
				};
			};
			buildConfigurationList = 44DE82AB1BCDF45900A319D2 /* Build configuration list for PBXProject "Umbrella" */;
			compatibilityVersion = "Xcode 3.2";
			developmentRegion = English;
			hasScannedForEncodings = 0;
			knownRegions = (
				English,
				en,
				Base,
			);
			mainGroup = 44DE82A71BCDF45900A319D2;
			productRefGroup = 44DE82B11BCDF45900A319D2 /* Products */;
			projectDirPath = "";
			projectRoot = "";
			targets = (
				44DE82AF1BCDF45900A319D2 /* Umbrella */,
				44DE82C31BCDF45900A319D2 /* UmbrellaTests */,
			);
		};
/* End PBXProject section */

/* Begin PBXResourcesBuildPhase section */
		44DE82AE1BCDF45900A319D2 /* Resources */ = {
			isa = PBXResourcesBuildPhase;
			buildActionMask = 2147483647;
			files = (
				44DE82BE1BCDF45900A319D2 /* LaunchScreen.storyboard in Resources */,
				44DE82BB1BCDF45900A319D2 /* Assets.xcassets in Resources */,
				44DE82B91BCDF45900A319D2 /* Main.storyboard in Resources */,
			);
			runOnlyForDeploymentPostprocessing = 0;
		};
		44DE82C21BCDF45900A319D2 /* Resources */ = {
			isa = PBXResourcesBuildPhase;
			buildActionMask = 2147483647;
			files = (
			);
			runOnlyForDeploymentPostprocessing = 0;
		};
/* End PBXResourcesBuildPhase section */

/* Begin PBXShellScriptBuildPhase section */
		49F71ADF72BD429AAD30E5F5 /* [CP] Check Pods Manifest.lock */ = {
			isa = PBXShellScriptBuildPhase;
			buildActionMask = 2147483647;
			files = (
			);
			inputFileListPaths = (
			);
			inputPaths = (
				"${PODS_PODFILE_DIR_PATH}/Podfile.lock",
				"${PODS_ROOT}/Manifest.lock",
			);
			name = "[CP] Check Pods Manifest.lock";
			outputFileListPaths = (
			);
			outputPaths = (
				"$(DERIVED_FILE_DIR)/Pods-Umbrella-checkManifestLockResult.txt",
			);
			runOnlyForDeploymentPostprocessing = 0;
			shellPath = /bin/sh;
			shellScript = "diff \"${PODS_PODFILE_DIR_PATH}/Podfile.lock\" \"${PODS_ROOT}/Manifest.lock\" > /dev/null\nif [ $? != 0 ] ; then\n    # print error to STDERR\n    echo \"error: The sandbox is not in sync with the Podfile.lock. Run 'pod install' or update your CocoaPods installation.\" >&2\n    exit 1\nfi\n# This output is used by Xcode 'outputs' to avoid re-running this script phase.\necho \"SUCCESS\" > \"${SCRIPT_OUTPUT_FILE_0}\"\n";
			showEnvVarsInLog = 0;
		};
		535578B4ED9389D006E5D81D /* [CP] Embed Pods Frameworks */ = {
			isa = PBXShellScriptBuildPhase;
			buildActionMask = 2147483647;
			files = (
			);
			inputFileListPaths = (
			);
			inputPaths = (
				"${SRCROOT}/Pods/Target Support Files/Pods-Umbrella/Pods-Umbrella-frameworks.sh",
				"${BUILT_PRODUCTS_DIR}/Alamofire/Alamofire.framework",
				"${BUILT_PRODUCTS_DIR}/Siesta/Siesta.framework",
			);
			name = "[CP] Embed Pods Frameworks";
			outputFileListPaths = (
			);
			outputPaths = (
				"${TARGET_BUILD_DIR}/${FRAMEWORKS_FOLDER_PATH}/Alamofire.framework",
				"${TARGET_BUILD_DIR}/${FRAMEWORKS_FOLDER_PATH}/Siesta.framework",
			);
			runOnlyForDeploymentPostprocessing = 0;
			shellPath = /bin/sh;
			shellScript = "\"${SRCROOT}/Pods/Target Support Files/Pods-Umbrella/Pods-Umbrella-frameworks.sh\"\n";
			showEnvVarsInLog = 0;
		};
		F56394C0704C5F791E0D30CF /* [CP] Check Pods Manifest.lock */ = {
			isa = PBXShellScriptBuildPhase;
			buildActionMask = 2147483647;
			files = (
			);
			inputFileListPaths = (
			);
			inputPaths = (
				"${PODS_PODFILE_DIR_PATH}/Podfile.lock",
				"${PODS_ROOT}/Manifest.lock",
			);
			name = "[CP] Check Pods Manifest.lock";
			outputFileListPaths = (
			);
			outputPaths = (
				"$(DERIVED_FILE_DIR)/Pods-UmbrellaTests-checkManifestLockResult.txt",
			);
			runOnlyForDeploymentPostprocessing = 0;
			shellPath = /bin/sh;
			shellScript = "diff \"${PODS_PODFILE_DIR_PATH}/Podfile.lock\" \"${PODS_ROOT}/Manifest.lock\" > /dev/null\nif [ $? != 0 ] ; then\n    # print error to STDERR\n    echo \"error: The sandbox is not in sync with the Podfile.lock. Run 'pod install' or update your CocoaPods installation.\" >&2\n    exit 1\nfi\n# This output is used by Xcode 'outputs' to avoid re-running this script phase.\necho \"SUCCESS\" > \"${SCRIPT_OUTPUT_FILE_0}\"\n";
			showEnvVarsInLog = 0;
		};
/* End PBXShellScriptBuildPhase section */

/* Begin PBXSourcesBuildPhase section */
		44DE82AC1BCDF45900A319D2 /* Sources */ = {
			isa = PBXSourcesBuildPhase;
			buildActionMask = 2147483647;
			files = (
				D74FF08E212266A70075F70B /* WeatherRequestUnits.swift in Sources */,
				44DE82DF1BCDF8EE00A319D2 /* WeatherRequest.swift in Sources */,
				D70B9E032336636200489982 /* UIImage+Umbrella.swift in Sources */,
				D78D52C6233587430022FDE5 /* Date+Umbrella.swift in Sources */,
				44DE82E11BCDFBBB00A319D2 /* String+Umbrella.swift in Sources */,
				D70B9E0123365D7900489982 /* UmbrellaImageView.swift in Sources */,
				44DE82DD1BCDF7C800A319D2 /* UIColor+Nerdery.swift in Sources */,
				D78D52B9233053320022FDE5 /* DarkSkyResponse.swift in Sources */,
				D78D52B523304F310022FDE5 /* DarkSkyApi.swift in Sources */,
				D74FF08C21225F0A0075F70B /* WeatherRequestLocation.swift in Sources */,
				44DE82D91BCDF4C500A319D2 /* MainViewController.swift in Sources */,
				44DE82B41BCDF45900A319D2 /* AppDelegate.swift in Sources */,
				44DE82D71BCDF4BA00A319D2 /* SettingsViewController.swift in Sources */,
				D78D52C22334537A0022FDE5 /* DailyGroupCollectionReusableView.swift in Sources */,
				D78D52BF23331A260022FDE5 /* Location.swift in Sources */,
				D78D52BD2331A7E80022FDE5 /* Preferences.swift in Sources */,
				D78D52C42334567F0022FDE5 /* WeatherCollectionViewCell.swift in Sources */,
			);
			runOnlyForDeploymentPostprocessing = 0;
		};
		44DE82C01BCDF45900A319D2 /* Sources */ = {
			isa = PBXSourcesBuildPhase;
			buildActionMask = 2147483647;
			files = (
				44DE82C91BCDF45900A319D2 /* UmbrellaTests.swift in Sources */,
			);
			runOnlyForDeploymentPostprocessing = 0;
		};
/* End PBXSourcesBuildPhase section */

/* Begin PBXTargetDependency section */
		44DE82C61BCDF45900A319D2 /* PBXTargetDependency */ = {
			isa = PBXTargetDependency;
			target = 44DE82AF1BCDF45900A319D2 /* Umbrella */;
			targetProxy = 44DE82C51BCDF45900A319D2 /* PBXContainerItemProxy */;
		};
/* End PBXTargetDependency section */

/* Begin PBXVariantGroup section */
		44DE82B71BCDF45900A319D2 /* Main.storyboard */ = {
			isa = PBXVariantGroup;
			children = (
				44DE82B81BCDF45900A319D2 /* Base */,
			);
			name = Main.storyboard;
			sourceTree = "<group>";
		};
		44DE82BC1BCDF45900A319D2 /* LaunchScreen.storyboard */ = {
			isa = PBXVariantGroup;
			children = (
				44DE82BD1BCDF45900A319D2 /* Base */,
			);
			name = LaunchScreen.storyboard;
			sourceTree = "<group>";
		};
/* End PBXVariantGroup section */

/* Begin XCBuildConfiguration section */
		44DE82CB1BCDF45900A319D2 /* Debug */ = {
			isa = XCBuildConfiguration;
			buildSettings = {
				ALWAYS_SEARCH_USER_PATHS = NO;
				CLANG_CXX_LANGUAGE_STANDARD = "gnu++0x";
				CLANG_CXX_LIBRARY = "libc++";
				CLANG_ENABLE_MODULES = YES;
				CLANG_ENABLE_OBJC_ARC = YES;
				CLANG_WARN_BLOCK_CAPTURE_AUTORELEASING = YES;
				CLANG_WARN_BOOL_CONVERSION = YES;
				CLANG_WARN_COMMA = YES;
				CLANG_WARN_CONSTANT_CONVERSION = YES;
				CLANG_WARN_DEPRECATED_OBJC_IMPLEMENTATIONS = YES;
				CLANG_WARN_DIRECT_OBJC_ISA_USAGE = YES_ERROR;
				CLANG_WARN_EMPTY_BODY = YES;
				CLANG_WARN_ENUM_CONVERSION = YES;
				CLANG_WARN_INFINITE_RECURSION = YES;
				CLANG_WARN_INT_CONVERSION = YES;
				CLANG_WARN_NON_LITERAL_NULL_CONVERSION = YES;
				CLANG_WARN_OBJC_IMPLICIT_RETAIN_SELF = YES;
				CLANG_WARN_OBJC_LITERAL_CONVERSION = YES;
				CLANG_WARN_OBJC_ROOT_CLASS = YES_ERROR;
				CLANG_WARN_RANGE_LOOP_ANALYSIS = YES;
				CLANG_WARN_STRICT_PROTOTYPES = YES;
				CLANG_WARN_SUSPICIOUS_MOVE = YES;
				CLANG_WARN_UNREACHABLE_CODE = YES;
				CLANG_WARN__DUPLICATE_METHOD_MATCH = YES;
				"CODE_SIGN_IDENTITY[sdk=iphoneos*]" = "iPhone Developer";
				COPY_PHASE_STRIP = NO;
				DEBUG_INFORMATION_FORMAT = dwarf;
				ENABLE_STRICT_OBJC_MSGSEND = YES;
				ENABLE_TESTABILITY = YES;
				GCC_C_LANGUAGE_STANDARD = gnu99;
				GCC_DYNAMIC_NO_PIC = NO;
				GCC_NO_COMMON_BLOCKS = YES;
				GCC_OPTIMIZATION_LEVEL = 0;
				GCC_PREPROCESSOR_DEFINITIONS = (
					"DEBUG=1",
					"$(inherited)",
				);
				GCC_WARN_64_TO_32_BIT_CONVERSION = YES;
				GCC_WARN_ABOUT_RETURN_TYPE = YES_ERROR;
				GCC_WARN_UNDECLARED_SELECTOR = YES;
				GCC_WARN_UNINITIALIZED_AUTOS = YES_AGGRESSIVE;
				GCC_WARN_UNUSED_FUNCTION = YES;
				GCC_WARN_UNUSED_VARIABLE = YES;
				MTL_ENABLE_DEBUG_INFO = YES;
				ONLY_ACTIVE_ARCH = YES;
				SDKROOT = iphoneos;
				SWIFT_OPTIMIZATION_LEVEL = "-Onone";
				SWIFT_SWIFT3_OBJC_INFERENCE = Off;
			};
			name = Debug;
		};
		44DE82CC1BCDF45900A319D2 /* Release */ = {
			isa = XCBuildConfiguration;
			buildSettings = {
				ALWAYS_SEARCH_USER_PATHS = NO;
				CLANG_CXX_LANGUAGE_STANDARD = "gnu++0x";
				CLANG_CXX_LIBRARY = "libc++";
				CLANG_ENABLE_MODULES = YES;
				CLANG_ENABLE_OBJC_ARC = YES;
				CLANG_WARN_BLOCK_CAPTURE_AUTORELEASING = YES;
				CLANG_WARN_BOOL_CONVERSION = YES;
				CLANG_WARN_COMMA = YES;
				CLANG_WARN_CONSTANT_CONVERSION = YES;
				CLANG_WARN_DEPRECATED_OBJC_IMPLEMENTATIONS = YES;
				CLANG_WARN_DIRECT_OBJC_ISA_USAGE = YES_ERROR;
				CLANG_WARN_EMPTY_BODY = YES;
				CLANG_WARN_ENUM_CONVERSION = YES;
				CLANG_WARN_INFINITE_RECURSION = YES;
				CLANG_WARN_INT_CONVERSION = YES;
				CLANG_WARN_NON_LITERAL_NULL_CONVERSION = YES;
				CLANG_WARN_OBJC_IMPLICIT_RETAIN_SELF = YES;
				CLANG_WARN_OBJC_LITERAL_CONVERSION = YES;
				CLANG_WARN_OBJC_ROOT_CLASS = YES_ERROR;
				CLANG_WARN_RANGE_LOOP_ANALYSIS = YES;
				CLANG_WARN_STRICT_PROTOTYPES = YES;
				CLANG_WARN_SUSPICIOUS_MOVE = YES;
				CLANG_WARN_UNREACHABLE_CODE = YES;
				CLANG_WARN__DUPLICATE_METHOD_MATCH = YES;
				"CODE_SIGN_IDENTITY[sdk=iphoneos*]" = "iPhone Developer";
				COPY_PHASE_STRIP = NO;
				DEBUG_INFORMATION_FORMAT = "dwarf-with-dsym";
				ENABLE_NS_ASSERTIONS = NO;
				ENABLE_STRICT_OBJC_MSGSEND = YES;
				GCC_C_LANGUAGE_STANDARD = gnu99;
				GCC_NO_COMMON_BLOCKS = YES;
				GCC_WARN_64_TO_32_BIT_CONVERSION = YES;
				GCC_WARN_ABOUT_RETURN_TYPE = YES_ERROR;
				GCC_WARN_UNDECLARED_SELECTOR = YES;
				GCC_WARN_UNINITIALIZED_AUTOS = YES_AGGRESSIVE;
				GCC_WARN_UNUSED_FUNCTION = YES;
				GCC_WARN_UNUSED_VARIABLE = YES;
				MTL_ENABLE_DEBUG_INFO = NO;
				SDKROOT = iphoneos;
				SWIFT_OPTIMIZATION_LEVEL = "-Owholemodule";
				SWIFT_SWIFT3_OBJC_INFERENCE = Off;
				VALIDATE_PRODUCT = YES;
			};
			name = Release;
		};
		44DE82CE1BCDF45900A319D2 /* Debug */ = {
			isa = XCBuildConfiguration;
			baseConfigurationReference = CA0B6EB46331C31A35653066 /* Pods-Umbrella.debug.xcconfig */;
			buildSettings = {
				ASSETCATALOG_COMPILER_APPICON_NAME = AppIcon;
				CODE_SIGN_IDENTITY = "iPhone Developer";
				CODE_SIGN_STYLE = Automatic;
				DEVELOPMENT_TEAM = 5KE92YR9WD;
				INFOPLIST_FILE = Umbrella/Info.plist;
				LD_RUNPATH_SEARCH_PATHS = "$(inherited) @executable_path/Frameworks";
				PRODUCT_BUNDLE_IDENTIFIER = com.nerdery.Umbrella;
				PRODUCT_NAME = "$(TARGET_NAME)";
				PROVISIONING_PROFILE_SPECIFIER = "";
				SWIFT_SWIFT3_OBJC_INFERENCE = Off;
				SWIFT_VERSION = 4.0;
			};
			name = Debug;
		};
		44DE82CF1BCDF45900A319D2 /* Release */ = {
			isa = XCBuildConfiguration;
			baseConfigurationReference = C2376475E9EA396177893754 /* Pods-Umbrella.release.xcconfig */;
			buildSettings = {
				ASSETCATALOG_COMPILER_APPICON_NAME = AppIcon;
				CODE_SIGN_IDENTITY = "iPhone Developer";
				CODE_SIGN_STYLE = Automatic;
				DEVELOPMENT_TEAM = 5KE92YR9WD;
				INFOPLIST_FILE = Umbrella/Info.plist;
				LD_RUNPATH_SEARCH_PATHS = "$(inherited) @executable_path/Frameworks";
				PRODUCT_BUNDLE_IDENTIFIER = com.nerdery.Umbrella;
				PRODUCT_NAME = "$(TARGET_NAME)";
				PROVISIONING_PROFILE_SPECIFIER = "";
				SWIFT_SWIFT3_OBJC_INFERENCE = Off;
				SWIFT_VERSION = 4.0;
			};
			name = Release;
		};
		44DE82D11BCDF45900A319D2 /* Debug */ = {
			isa = XCBuildConfiguration;
			baseConfigurationReference = 95EAF548BC971FA77D486C1C /* Pods-UmbrellaTests.debug.xcconfig */;
			buildSettings = {
				BUNDLE_LOADER = "$(TEST_HOST)";
				INFOPLIST_FILE = UmbrellaTests/Info.plist;
				LD_RUNPATH_SEARCH_PATHS = "$(inherited) @executable_path/Frameworks @loader_path/Frameworks";
				PRODUCT_BUNDLE_IDENTIFIER = com.nerdery.UmbrellaTests;
				PRODUCT_NAME = "$(TARGET_NAME)";
				SWIFT_SWIFT3_OBJC_INFERENCE = On;
				SWIFT_VERSION = 4.0;
				TEST_HOST = "$(BUILT_PRODUCTS_DIR)/Umbrella.app/Umbrella";
			};
			name = Debug;
		};
		44DE82D21BCDF45900A319D2 /* Release */ = {
			isa = XCBuildConfiguration;
			baseConfigurationReference = 4C31C3D4230582DF1DC0F28D /* Pods-UmbrellaTests.release.xcconfig */;
			buildSettings = {
				BUNDLE_LOADER = "$(TEST_HOST)";
				INFOPLIST_FILE = UmbrellaTests/Info.plist;
				LD_RUNPATH_SEARCH_PATHS = "$(inherited) @executable_path/Frameworks @loader_path/Frameworks";
				PRODUCT_BUNDLE_IDENTIFIER = com.nerdery.UmbrellaTests;
				PRODUCT_NAME = "$(TARGET_NAME)";
				SWIFT_SWIFT3_OBJC_INFERENCE = On;
				SWIFT_VERSION = 4.0;
				TEST_HOST = "$(BUILT_PRODUCTS_DIR)/Umbrella.app/Umbrella";
			};
			name = Release;
		};
/* End XCBuildConfiguration section */

/* Begin XCConfigurationList section */
		44DE82AB1BCDF45900A319D2 /* Build configuration list for PBXProject "Umbrella" */ = {
			isa = XCConfigurationList;
			buildConfigurations = (
				44DE82CB1BCDF45900A319D2 /* Debug */,
				44DE82CC1BCDF45900A319D2 /* Release */,
			);
			defaultConfigurationIsVisible = 0;
			defaultConfigurationName = Release;
		};
		44DE82CD1BCDF45900A319D2 /* Build configuration list for PBXNativeTarget "Umbrella" */ = {
			isa = XCConfigurationList;
			buildConfigurations = (
				44DE82CE1BCDF45900A319D2 /* Debug */,
				44DE82CF1BCDF45900A319D2 /* Release */,
			);
			defaultConfigurationIsVisible = 0;
			defaultConfigurationName = Release;
		};
		44DE82D01BCDF45900A319D2 /* Build configuration list for PBXNativeTarget "UmbrellaTests" */ = {
			isa = XCConfigurationList;
			buildConfigurations = (
				44DE82D11BCDF45900A319D2 /* Debug */,
				44DE82D21BCDF45900A319D2 /* Release */,
			);
			defaultConfigurationIsVisible = 0;
			defaultConfigurationName = Release;
		};
/* End XCConfigurationList section */
	};
	rootObject = 44DE82A81BCDF45900A319D2 /* Project object */;
}
